// !$*UTF8*$!
{
	archiveVersion = 1;
	classes = {
	};
	objectVersion = 46;
	objects = {

/* Begin PBXBuildFile section */
		3FD5C94F8C33ABC1422773A3 /* Pods_TimeBreak_1.framework in Frameworks */ = {isa = PBXBuildFile; fileRef = 75ADEDCE0A17B1FA82348A14 /* Pods_TimeBreak_1.framework */; };
		4B1213931F8AE2CA00B0CEF4 /* SettingsViewController.swift in Sources */ = {isa = PBXBuildFile; fileRef = 4B1213921F8AE2CA00B0CEF4 /* SettingsViewController.swift */; };
		C517CCDB1E2C4A4500B0E407 /* MainViewControllerToDo.swift in Sources */ = {isa = PBXBuildFile; fileRef = C517CCDA1E2C4A4500B0E407 /* MainViewControllerToDo.swift */; };
		C517CCDD1E2C4AE800B0E407 /* ViewControllerToDoTask.swift in Sources */ = {isa = PBXBuildFile; fileRef = C517CCDC1E2C4AE800B0E407 /* ViewControllerToDoTask.swift */; };
		C517CCDF1E2C4B2700B0E407 /* ViewControllerAddTask.swift in Sources */ = {isa = PBXBuildFile; fileRef = C517CCDE1E2C4B2700B0E407 /* ViewControllerAddTask.swift */; };
		C517CCE11E2C4B4200B0E407 /* ViewControllerTimer.swift in Sources */ = {isa = PBXBuildFile; fileRef = C517CCE01E2C4B4200B0E407 /* ViewControllerTimer.swift */; };
		C51BBD511EC10A8A0040AB2A /* CategoryTaskModel.xcdatamodeld in Sources */ = {isa = PBXBuildFile; fileRef = C51BBD4F1EC10A8A0040AB2A /* CategoryTaskModel.xcdatamodeld */; };
		C53FFCEA1EAFDEC700F7D707 /* CoreDataStack.swift in Sources */ = {isa = PBXBuildFile; fileRef = C53FFCE91EAFDEC700F7D707 /* CoreDataStack.swift */; };
		C54F22C51EDE0730005E41A3 /* MenuViewController.swift in Sources */ = {isa = PBXBuildFile; fileRef = C54F22C41EDE0730005E41A3 /* MenuViewController.swift */; };
		C56D84E31F89C1A600C39D72 /* ViewControllerInfo.swift in Sources */ = {isa = PBXBuildFile; fileRef = C56D84E21F89C1A600C39D72 /* ViewControllerInfo.swift */; };
		C5AC7CB81E943A490021E6D0 /* CategoryTableViewCell.swift in Sources */ = {isa = PBXBuildFile; fileRef = C5AC7CB71E943A490021E6D0 /* CategoryTableViewCell.swift */; };
		C5BD304A1E6F52830007E954 /* TaskTableViewCell.swift in Sources */ = {isa = PBXBuildFile; fileRef = C5BD30491E6F52830007E954 /* TaskTableViewCell.swift */; };
		C5EACD4B1DE4E07600B47342 /* AppDelegate.swift in Sources */ = {isa = PBXBuildFile; fileRef = C5EACD4A1DE4E07600B47342 /* AppDelegate.swift */; };
		C5EACD501DE4E07600B47342 /* Main.storyboard in Resources */ = {isa = PBXBuildFile; fileRef = C5EACD4E1DE4E07600B47342 /* Main.storyboard */; };
		C5EACD551DE4E07600B47342 /* Assets.xcassets in Resources */ = {isa = PBXBuildFile; fileRef = C5EACD541DE4E07600B47342 /* Assets.xcassets */; };
		C5EACD581DE4E07600B47342 /* LaunchScreen.storyboard in Resources */ = {isa = PBXBuildFile; fileRef = C5EACD561DE4E07600B47342 /* LaunchScreen.storyboard */; };
/* End PBXBuildFile section */

/* Begin PBXFileReference section */
		3731024BD552C9B1DA52CBE3 /* Pods-TimeBreak 1.debug.xcconfig */ = {isa = PBXFileReference; includeInIndex = 1; lastKnownFileType = text.xcconfig; name = "Pods-TimeBreak 1.debug.xcconfig"; path = "Pods/Target Support Files/Pods-TimeBreak 1/Pods-TimeBreak 1.debug.xcconfig"; sourceTree = "<group>"; };
		4B1213921F8AE2CA00B0CEF4 /* SettingsViewController.swift */ = {isa = PBXFileReference; fileEncoding = 4; lastKnownFileType = sourcecode.swift; path = SettingsViewController.swift; sourceTree = "<group>"; };
		75ADEDCE0A17B1FA82348A14 /* Pods_TimeBreak_1.framework */ = {isa = PBXFileReference; explicitFileType = wrapper.framework; includeInIndex = 0; path = Pods_TimeBreak_1.framework; sourceTree = BUILT_PRODUCTS_DIR; };
		93B50923B2357D208E6B3ED7 /* Pods-TimeBreak 1.release.xcconfig */ = {isa = PBXFileReference; includeInIndex = 1; lastKnownFileType = text.xcconfig; name = "Pods-TimeBreak 1.release.xcconfig"; path = "Pods/Target Support Files/Pods-TimeBreak 1/Pods-TimeBreak 1.release.xcconfig"; sourceTree = "<group>"; };
		C517CCDA1E2C4A4500B0E407 /* MainViewControllerToDo.swift */ = {isa = PBXFileReference; fileEncoding = 4; lastKnownFileType = sourcecode.swift; path = MainViewControllerToDo.swift; sourceTree = "<group>"; };
		C517CCDC1E2C4AE800B0E407 /* ViewControllerToDoTask.swift */ = {isa = PBXFileReference; fileEncoding = 4; lastKnownFileType = sourcecode.swift; path = ViewControllerToDoTask.swift; sourceTree = "<group>"; };
		C517CCDE1E2C4B2700B0E407 /* ViewControllerAddTask.swift */ = {isa = PBXFileReference; fileEncoding = 4; lastKnownFileType = sourcecode.swift; path = ViewControllerAddTask.swift; sourceTree = "<group>"; };
		C517CCE01E2C4B4200B0E407 /* ViewControllerTimer.swift */ = {isa = PBXFileReference; fileEncoding = 4; lastKnownFileType = sourcecode.swift; path = ViewControllerTimer.swift; sourceTree = "<group>"; };
		C51BBD501EC10A8A0040AB2A /* CategoryTaskModel.xcdatamodel */ = {isa = PBXFileReference; lastKnownFileType = wrapper.xcdatamodel; path = CategoryTaskModel.xcdatamodel; sourceTree = "<group>"; };
		C53FFCE91EAFDEC700F7D707 /* CoreDataStack.swift */ = {isa = PBXFileReference; fileEncoding = 4; lastKnownFileType = sourcecode.swift; path = CoreDataStack.swift; sourceTree = "<group>"; };
		C54F22C41EDE0730005E41A3 /* MenuViewController.swift */ = {isa = PBXFileReference; fileEncoding = 4; lastKnownFileType = sourcecode.swift; path = MenuViewController.swift; sourceTree = "<group>"; };
		C56D84E21F89C1A600C39D72 /* ViewControllerInfo.swift */ = {isa = PBXFileReference; fileEncoding = 4; lastKnownFileType = sourcecode.swift; path = ViewControllerInfo.swift; sourceTree = "<group>"; };
		C5AC7CB71E943A490021E6D0 /* CategoryTableViewCell.swift */ = {isa = PBXFileReference; fileEncoding = 4; lastKnownFileType = sourcecode.swift; path = CategoryTableViewCell.swift; sourceTree = "<group>"; };
		C5BD30491E6F52830007E954 /* TaskTableViewCell.swift */ = {isa = PBXFileReference; fileEncoding = 4; lastKnownFileType = sourcecode.swift; path = TaskTableViewCell.swift; sourceTree = "<group>"; };
		C5EACD471DE4E07600B47342 /* TimeBreak 1.app */ = {isa = PBXFileReference; explicitFileType = wrapper.application; includeInIndex = 0; path = "TimeBreak 1.app"; sourceTree = BUILT_PRODUCTS_DIR; };
		C5EACD4A1DE4E07600B47342 /* AppDelegate.swift */ = {isa = PBXFileReference; lastKnownFileType = sourcecode.swift; path = AppDelegate.swift; sourceTree = "<group>"; };
		C5EACD4F1DE4E07600B47342 /* Base */ = {isa = PBXFileReference; lastKnownFileType = file.storyboard; name = Base; path = Base.lproj/Main.storyboard; sourceTree = "<group>"; };
		C5EACD541DE4E07600B47342 /* Assets.xcassets */ = {isa = PBXFileReference; lastKnownFileType = folder.assetcatalog; path = Assets.xcassets; sourceTree = "<group>"; };
		C5EACD571DE4E07600B47342 /* Base */ = {isa = PBXFileReference; lastKnownFileType = file.storyboard; name = Base; path = Base.lproj/LaunchScreen.storyboard; sourceTree = "<group>"; };
		C5EACD591DE4E07600B47342 /* Info.plist */ = {isa = PBXFileReference; lastKnownFileType = text.plist.xml; path = Info.plist; sourceTree = "<group>"; };
/* End PBXFileReference section */

/* Begin PBXFrameworksBuildPhase section */
		C5EACD441DE4E07600B47342 /* Frameworks */ = {
			isa = PBXFrameworksBuildPhase;
			buildActionMask = 2147483647;
			files = (
				3FD5C94F8C33ABC1422773A3 /* Pods_TimeBreak_1.framework in Frameworks */,
			);
			runOnlyForDeploymentPostprocessing = 0;
		};
/* End PBXFrameworksBuildPhase section */

/* Begin PBXGroup section */
		4B1213911F8AE2A600B0CEF4 /* Views */ = {
			isa = PBXGroup;
			children = (
				C5BD30491E6F52830007E954 /* TaskTableViewCell.swift */,
				C5AC7CB71E943A490021E6D0 /* CategoryTableViewCell.swift */,
			);
			name = Views;
			sourceTree = "<group>";
		};
		60E1E2EF865E304480B86963 /* Pods */ = {
			isa = PBXGroup;
			children = (
				3731024BD552C9B1DA52CBE3 /* Pods-TimeBreak 1.debug.xcconfig */,
				93B50923B2357D208E6B3ED7 /* Pods-TimeBreak 1.release.xcconfig */,
			);
			name = Pods;
			sourceTree = "<group>";
		};
		AF0999AF5D3DDDFEAC54E82B /* Frameworks */ = {
			isa = PBXGroup;
			children = (
				75ADEDCE0A17B1FA82348A14 /* Pods_TimeBreak_1.framework */,
			);
			name = Frameworks;
			sourceTree = "<group>";
		};
		C5EACD3E1DE4E07600B47342 = {
			isa = PBXGroup;
			children = (
				C5EACD491DE4E07600B47342 /* TimeBreak 1 */,
				C5EACD481DE4E07600B47342 /* Products */,
				60E1E2EF865E304480B86963 /* Pods */,
				AF0999AF5D3DDDFEAC54E82B /* Frameworks */,
			);
			sourceTree = "<group>";
		};
		C5EACD481DE4E07600B47342 /* Products */ = {
			isa = PBXGroup;
			children = (
				C5EACD471DE4E07600B47342 /* TimeBreak 1.app */,
			);
			name = Products;
			sourceTree = "<group>";
		};
		C5EACD491DE4E07600B47342 /* TimeBreak 1 */ = {
			isa = PBXGroup;
			children = (
				C5EACD4A1DE4E07600B47342 /* AppDelegate.swift */,
				C53FFCE91EAFDEC700F7D707 /* CoreDataStack.swift */,
				C54F22C41EDE0730005E41A3 /* MenuViewController.swift */,
				C517CCDA1E2C4A4500B0E407 /* MainViewControllerToDo.swift */,
				C517CCDC1E2C4AE800B0E407 /* ViewControllerToDoTask.swift */,
				C517CCE01E2C4B4200B0E407 /* ViewControllerTimer.swift */,
				C517CCDE1E2C4B2700B0E407 /* ViewControllerAddTask.swift */,
				C56D84E21F89C1A600C39D72 /* ViewControllerInfo.swift */,
				4B1213911F8AE2A600B0CEF4 /* Views */,
				C5EACD4E1DE4E07600B47342 /* Main.storyboard */,
				C5EACD541DE4E07600B47342 /* Assets.xcassets */,
				C5EACD591DE4E07600B47342 /* Info.plist */,
				C5EACD561DE4E07600B47342 /* LaunchScreen.storyboard */,
				C51BBD4F1EC10A8A0040AB2A /* CategoryTaskModel.xcdatamodeld */,
				4B1213921F8AE2CA00B0CEF4 /* SettingsViewController.swift */,
			);
			path = "TimeBreak 1";
			sourceTree = "<group>";
		};
/* End PBXGroup section */

/* Begin PBXNativeTarget section */
		C5EACD461DE4E07600B47342 /* TimeBreak 1 */ = {
			isa = PBXNativeTarget;
			buildConfigurationList = C5EACD5C1DE4E07600B47342 /* Build configuration list for PBXNativeTarget "TimeBreak 1" */;
			buildPhases = (
				64C5D5A5A6E76BE19D40A031 /* [CP] Check Pods Manifest.lock */,
				C5EACD431DE4E07600B47342 /* Sources */,
				C5EACD441DE4E07600B47342 /* Frameworks */,
				C5EACD451DE4E07600B47342 /* Resources */,
				C261C9598F19393CCB8FD39C /* [CP] Embed Pods Frameworks */,
				C8D40754EC7AFA71A4EF2326 /* [CP] Copy Pods Resources */,
			);
			buildRules = (
			);
			dependencies = (
			);
			name = "TimeBreak 1";
			productName = "TimeBreak 1";
			productReference = C5EACD471DE4E07600B47342 /* TimeBreak 1.app */;
			productType = "com.apple.product-type.application";
		};
/* End PBXNativeTarget section */

/* Begin PBXProject section */
		C5EACD3F1DE4E07600B47342 /* Project object */ = {
			isa = PBXProject;
			attributes = {
				LastSwiftUpdateCheck = 0730;
				LastUpgradeCheck = 0820;
				ORGANIZATIONNAME = "Maria Madalena Teles";
				TargetAttributes = {
					C5EACD461DE4E07600B47342 = {
						CreatedOnToolsVersion = 7.3.1;
						DevelopmentTeam = SF4ZQ7FYZ5;
						LastSwiftMigration = 0810;
					};
				};
			};
			buildConfigurationList = C5EACD421DE4E07600B47342 /* Build configuration list for PBXProject "TimeBreak 1" */;
			compatibilityVersion = "Xcode 3.2";
			developmentRegion = English;
			hasScannedForEncodings = 0;
			knownRegions = (
				en,
				Base,
			);
			mainGroup = C5EACD3E1DE4E07600B47342;
			productRefGroup = C5EACD481DE4E07600B47342 /* Products */;
			projectDirPath = "";
			projectRoot = "";
			targets = (
				C5EACD461DE4E07600B47342 /* TimeBreak 1 */,
			);
		};
/* End PBXProject section */

/* Begin PBXResourcesBuildPhase section */
		C5EACD451DE4E07600B47342 /* Resources */ = {
			isa = PBXResourcesBuildPhase;
			buildActionMask = 2147483647;
			files = (
				C5EACD581DE4E07600B47342 /* LaunchScreen.storyboard in Resources */,
				C5EACD551DE4E07600B47342 /* Assets.xcassets in Resources */,
				C5EACD501DE4E07600B47342 /* Main.storyboard in Resources */,
			);
			runOnlyForDeploymentPostprocessing = 0;
		};
/* End PBXResourcesBuildPhase section */

/* Begin PBXShellScriptBuildPhase section */
		64C5D5A5A6E76BE19D40A031 /* [CP] Check Pods Manifest.lock */ = {
			isa = PBXShellScriptBuildPhase;
			buildActionMask = 2147483647;
			files = (
			);
			inputPaths = (
			);
			name = "[CP] Check Pods Manifest.lock";
			outputPaths = (
			);
			runOnlyForDeploymentPostprocessing = 0;
			shellPath = /bin/sh;
			shellScript = "diff \"${PODS_PODFILE_DIR_PATH}/Podfile.lock\" \"${PODS_ROOT}/Manifest.lock\" > /dev/null\nif [ $? != 0 ] ; then\n    # print error to STDERR\n    echo \"error: The sandbox is not in sync with the Podfile.lock. Run 'pod install' or update your CocoaPods installation.\" >&2\n    exit 1\nfi\n";
			showEnvVarsInLog = 0;
		};
		C261C9598F19393CCB8FD39C /* [CP] Embed Pods Frameworks */ = {
			isa = PBXShellScriptBuildPhase;
			buildActionMask = 2147483647;
			files = (
			);
			inputPaths = (
			);
			name = "[CP] Embed Pods Frameworks";
			outputPaths = (
			);
			runOnlyForDeploymentPostprocessing = 0;
			shellPath = /bin/sh;
			shellScript = "\"${SRCROOT}/Pods/Target Support Files/Pods-TimeBreak 1/Pods-TimeBreak 1-frameworks.sh\"\n";
			showEnvVarsInLog = 0;
		};
		C8D40754EC7AFA71A4EF2326 /* [CP] Copy Pods Resources */ = {
			isa = PBXShellScriptBuildPhase;
			buildActionMask = 2147483647;
			files = (
			);
			inputPaths = (
			);
			name = "[CP] Copy Pods Resources";
			outputPaths = (
			);
			runOnlyForDeploymentPostprocessing = 0;
			shellPath = /bin/sh;
			shellScript = "\"${SRCROOT}/Pods/Target Support Files/Pods-TimeBreak 1/Pods-TimeBreak 1-resources.sh\"\n";
			showEnvVarsInLog = 0;
		};
/* End PBXShellScriptBuildPhase section */

/* Begin PBXSourcesBuildPhase section */
		C5EACD431DE4E07600B47342 /* Sources */ = {
			isa = PBXSourcesBuildPhase;
			buildActionMask = 2147483647;
			files = (
				C5BD304A1E6F52830007E954 /* TaskTableViewCell.swift in Sources */,
				C54F22C51EDE0730005E41A3 /* MenuViewController.swift in Sources */,
				C517CCDD1E2C4AE800B0E407 /* ViewControllerToDoTask.swift in Sources */,
				C517CCDB1E2C4A4500B0E407 /* MainViewControllerToDo.swift in Sources */,
				C517CCE11E2C4B4200B0E407 /* ViewControllerTimer.swift in Sources */,
				C51BBD511EC10A8A0040AB2A /* CategoryTaskModel.xcdatamodeld in Sources */,
				C53FFCEA1EAFDEC700F7D707 /* CoreDataStack.swift in Sources */,
				C56D84E31F89C1A600C39D72 /* ViewControllerInfo.swift in Sources */,
				C5EACD4B1DE4E07600B47342 /* AppDelegate.swift in Sources */,
				C517CCDF1E2C4B2700B0E407 /* ViewControllerAddTask.swift in Sources */,
				C5AC7CB81E943A490021E6D0 /* CategoryTableViewCell.swift in Sources */,
				4B1213931F8AE2CA00B0CEF4 /* SettingsViewController.swift in Sources */,
			);
			runOnlyForDeploymentPostprocessing = 0;
		};
/* End PBXSourcesBuildPhase section */

/* Begin PBXVariantGroup section */
		C5EACD4E1DE4E07600B47342 /* Main.storyboard */ = {
			isa = PBXVariantGroup;
			children = (
				C5EACD4F1DE4E07600B47342 /* Base */,
			);
			name = Main.storyboard;
			sourceTree = "<group>";
		};
		C5EACD561DE4E07600B47342 /* LaunchScreen.storyboard */ = {
			isa = PBXVariantGroup;
			children = (
				C5EACD571DE4E07600B47342 /* Base */,
			);
			name = LaunchScreen.storyboard;
			sourceTree = "<group>";
		};
/* End PBXVariantGroup section */

/* Begin XCBuildConfiguration section */
		C5EACD5A1DE4E07600B47342 /* Debug */ = {
			isa = XCBuildConfiguration;
			buildSettings = {
				ALWAYS_SEARCH_USER_PATHS = NO;
				CLANG_ANALYZER_NONNULL = YES;
				CLANG_CXX_LANGUAGE_STANDARD = "gnu++0x";
				CLANG_CXX_LIBRARY = "libc++";
				CLANG_ENABLE_MODULES = YES;
				CLANG_ENABLE_OBJC_ARC = YES;
				CLANG_WARN_BOOL_CONVERSION = YES;
				CLANG_WARN_CONSTANT_CONVERSION = YES;
				CLANG_WARN_DIRECT_OBJC_ISA_USAGE = YES_ERROR;
				CLANG_WARN_EMPTY_BODY = YES;
				CLANG_WARN_ENUM_CONVERSION = YES;
				CLANG_WARN_INFINITE_RECURSION = YES;
				CLANG_WARN_INT_CONVERSION = YES;
				CLANG_WARN_OBJC_ROOT_CLASS = YES_ERROR;
				CLANG_WARN_SUSPICIOUS_MOVE = YES;
				CLANG_WARN_UNREACHABLE_CODE = YES;
				CLANG_WARN__DUPLICATE_METHOD_MATCH = YES;
				"CODE_SIGN_IDENTITY[sdk=iphoneos*]" = "iPhone Developer";
				COPY_PHASE_STRIP = NO;
				DEBUG_INFORMATION_FORMAT = dwarf;
				ENABLE_STRICT_OBJC_MSGSEND = YES;
				ENABLE_TESTABILITY = YES;
				GCC_C_LANGUAGE_STANDARD = gnu99;
				GCC_DYNAMIC_NO_PIC = NO;
				GCC_NO_COMMON_BLOCKS = YES;
				GCC_OPTIMIZATION_LEVEL = 0;
				GCC_PREPROCESSOR_DEFINITIONS = (
					"DEBUG=1",
					"$(inherited)",
				);
				GCC_WARN_64_TO_32_BIT_CONVERSION = YES;
				GCC_WARN_ABOUT_RETURN_TYPE = YES_ERROR;
				GCC_WARN_UNDECLARED_SELECTOR = YES;
				GCC_WARN_UNINITIALIZED_AUTOS = YES_AGGRESSIVE;
				GCC_WARN_UNUSED_FUNCTION = YES;
				GCC_WARN_UNUSED_VARIABLE = YES;
				IPHONEOS_DEPLOYMENT_TARGET = 10.2;
				MTL_ENABLE_DEBUG_INFO = YES;
				ONLY_ACTIVE_ARCH = YES;
				SDKROOT = iphoneos;
				SWIFT_OPTIMIZATION_LEVEL = "-Onone";
			};
			name = Debug;
		};
		C5EACD5B1DE4E07600B47342 /* Release */ = {
			isa = XCBuildConfiguration;
			buildSettings = {
				ALWAYS_SEARCH_USER_PATHS = NO;
				CLANG_ANALYZER_NONNULL = YES;
				CLANG_CXX_LANGUAGE_STANDARD = "gnu++0x";
				CLANG_CXX_LIBRARY = "libc++";
				CLANG_ENABLE_MODULES = YES;
				CLANG_ENABLE_OBJC_ARC = YES;
				CLANG_WARN_BOOL_CONVERSION = YES;
				CLANG_WARN_CONSTANT_CONVERSION = YES;
				CLANG_WARN_DIRECT_OBJC_ISA_USAGE = YES_ERROR;
				CLANG_WARN_EMPTY_BODY = YES;
				CLANG_WARN_ENUM_CONVERSION = YES;
				CLANG_WARN_INFINITE_RECURSION = YES;
				CLANG_WARN_INT_CONVERSION = YES;
				CLANG_WARN_OBJC_ROOT_CLASS = YES_ERROR;
				CLANG_WARN_SUSPICIOUS_MOVE = YES;
				CLANG_WARN_UNREACHABLE_CODE = YES;
				CLANG_WARN__DUPLICATE_METHOD_MATCH = YES;
				"CODE_SIGN_IDENTITY[sdk=iphoneos*]" = "iPhone Developer";
				COPY_PHASE_STRIP = NO;
				DEBUG_INFORMATION_FORMAT = "dwarf-with-dsym";
				ENABLE_NS_ASSERTIONS = NO;
				ENABLE_STRICT_OBJC_MSGSEND = YES;
				GCC_C_LANGUAGE_STANDARD = gnu99;
				GCC_NO_COMMON_BLOCKS = YES;
				GCC_WARN_64_TO_32_BIT_CONVERSION = YES;
				GCC_WARN_ABOUT_RETURN_TYPE = YES_ERROR;
				GCC_WARN_UNDECLARED_SELECTOR = YES;
				GCC_WARN_UNINITIALIZED_AUTOS = YES_AGGRESSIVE;
				GCC_WARN_UNUSED_FUNCTION = YES;
				GCC_WARN_UNUSED_VARIABLE = YES;
				IPHONEOS_DEPLOYMENT_TARGET = 10.2;
				MTL_ENABLE_DEBUG_INFO = NO;
				SDKROOT = iphoneos;
				SWIFT_OPTIMIZATION_LEVEL = "-Owholemodule";
				VALIDATE_PRODUCT = YES;
			};
			name = Release;
		};
		C5EACD5D1DE4E07600B47342 /* Debug */ = {
			isa = XCBuildConfiguration;
			baseConfigurationReference = 3731024BD552C9B1DA52CBE3 /* Pods-TimeBreak 1.debug.xcconfig */;
			buildSettings = {
				ASSETCATALOG_COMPILER_APPICON_NAME = AppIcon;
				DEVELOPMENT_TEAM = SF4ZQ7FYZ5;
				INFOPLIST_FILE = "TimeBreak 1/Info.plist";
				LD_RUNPATH_SEARCH_PATHS = "$(inherited) @executable_path/Frameworks";
				PRODUCT_BUNDLE_IDENTIFIER = MadalenaTeles.TimeBreak;
				PRODUCT_NAME = "$(TARGET_NAME)";
				SWIFT_VERSION = 3.0;
			};
			name = Debug;
		};
		C5EACD5E1DE4E07600B47342 /* Release */ = {
			isa = XCBuildConfiguration;
			baseConfigurationReference = 93B50923B2357D208E6B3ED7 /* Pods-TimeBreak 1.release.xcconfig */;
			buildSettings = {
				ASSETCATALOG_COMPILER_APPICON_NAME = AppIcon;
				DEVELOPMENT_TEAM = SF4ZQ7FYZ5;
				INFOPLIST_FILE = "TimeBreak 1/Info.plist";
				LD_RUNPATH_SEARCH_PATHS = "$(inherited) @executable_path/Frameworks";
				PRODUCT_BUNDLE_IDENTIFIER = MadalenaTeles.TimeBreak;
				PRODUCT_NAME = "$(TARGET_NAME)";
				SWIFT_VERSION = 3.0;
			};
			name = Release;
		};
/* End XCBuildConfiguration section */

/* Begin XCConfigurationList section */
		C5EACD421DE4E07600B47342 /* Build configuration list for PBXProject "TimeBreak 1" */ = {
			isa = XCConfigurationList;
			buildConfigurations = (
				C5EACD5A1DE4E07600B47342 /* Debug */,
				C5EACD5B1DE4E07600B47342 /* Release */,
			);
			defaultConfigurationIsVisible = 0;
			defaultConfigurationName = Release;
		};
		C5EACD5C1DE4E07600B47342 /* Build configuration list for PBXNativeTarget "TimeBreak 1" */ = {
			isa = XCConfigurationList;
			buildConfigurations = (
				C5EACD5D1DE4E07600B47342 /* Debug */,
				C5EACD5E1DE4E07600B47342 /* Release */,
			);
			defaultConfigurationIsVisible = 0;
			defaultConfigurationName = Release;
		};
/* End XCConfigurationList section */

/* Begin XCVersionGroup section */
		C51BBD4F1EC10A8A0040AB2A /* CategoryTaskModel.xcdatamodeld */ = {
			isa = XCVersionGroup;
			children = (
				C51BBD501EC10A8A0040AB2A /* CategoryTaskModel.xcdatamodel */,
			);
			currentVersion = C51BBD501EC10A8A0040AB2A /* CategoryTaskModel.xcdatamodel */;
			path = CategoryTaskModel.xcdatamodeld;
			sourceTree = "<group>";
			versionGroupType = wrapper.xcdatamodel;
		};
/* End XCVersionGroup section */
	};
	rootObject = C5EACD3F1DE4E07600B47342 /* Project object */;
}
